
Microsoft Visual Studio Solution File, Format Version 12.00
# Visual Studio Version 18
VisualStudioVersion = 18.1.11312.151
MinimumVisualStudioVersion = 10.0.40219.1
Project("{9A19103F-16F7-4668-BE54-9A1E7A4F7556}") = "Voidwell.Auth", "src\Voidwell.Auth\Voidwell.Auth.csproj", "{3CB8DA74-429F-4896-958E-B45B3F7FDB37}"
	ProjectSection(ProjectDependencies) = postProject
		{6C13132E-BEA3-4C67-8098-EEE18A1924EA} = {6C13132E-BEA3-4C67-8098-EEE18A1924EA}
		{2DBF0E70-B848-47B3-91A7-67177CCC9034} = {2DBF0E70-B848-47B3-91A7-67177CCC9034}
	EndProjectSection
EndProject
Project("{2150E333-8FDC-42A3-9474-1A3956D46DE8}") = "src", "src", "{4F3CEED3-E4AB-4A18-9AB6-D20DDD679CBC}"
EndProject
Project("{2150E333-8FDC-42A3-9474-1A3956D46DE8}") = "Solution Items", "Solution Items", "{BAF62441-142F-4DCF-9047-17E25F4F302E}"
	ProjectSection(SolutionItems) = preProject
		.dockerignore = .dockerignore
		.editorconfig = .editorconfig
		.gitignore = .gitignore
		Directory.Build.props = Directory.Build.props
		Directory.Packages.props = Directory.Packages.props
		Dockerfile = Dockerfile
	EndProjectSection
EndProject
Project("{FAE04EC0-301F-11D3-BF4B-00C04F79EFBC}") = "Voidwell.Auth.Data", "src\Voidwell.Auth.Data\Voidwell.Auth.Data.csproj", "{2DBF0E70-B848-47B3-91A7-67177CCC9034}"
EndProject
Project("{FAE04EC0-301F-11D3-BF4B-00C04F79EFBC}") = "Voidwell.Auth.Admin", "src\Voidwell.Auth.Admin\Voidwell.Auth.Admin.csproj", "{6C13132E-BEA3-4C67-8098-EEE18A1924EA}"
EndProject
Project("{FAE04EC0-301F-11D3-BF4B-00C04F79EFBC}") = "Voidwell.Auth.UserManagement", "src\Voidwell.Auth.UserManagement\Voidwell.Auth.UserManagement.csproj", "{720D7CD3-DF08-4AFD-8BB7-9E86E259AF77}"
EndProject
Project("{FAE04EC0-301F-11D3-BF4B-00C04F79EFBC}") = "Voidwell.Auth.IdentityServer", "src\Voidwell.Auth.IdentityServer\Voidwell.Auth.IdentityServer.csproj", "{E9C26765-C4D7-416E-B269-1C23089C3099}"
EndProject
Global
	GlobalSection(SolutionConfigurationPlatforms) = preSolution
		Debug|Any CPU = Debug|Any CPU
		Release|Any CPU = Release|Any CPU
	EndGlobalSection
	GlobalSection(ProjectConfigurationPlatforms) = postSolution
		{3CB8DA74-429F-4896-958E-B45B3F7FDB37}.Debug|Any CPU.ActiveCfg = Debug|Any CPU
		{3CB8DA74-429F-4896-958E-B45B3F7FDB37}.Debug|Any CPU.Build.0 = Debug|Any CPU
		{3CB8DA74-429F-4896-958E-B45B3F7FDB37}.Release|Any CPU.ActiveCfg = Release|Any CPU
		{3CB8DA74-429F-4896-958E-B45B3F7FDB37}.Release|Any CPU.Build.0 = Release|Any CPU
		{2DBF0E70-B848-47B3-91A7-67177CCC9034}.Debug|Any CPU.ActiveCfg = Debug|Any CPU
		{2DBF0E70-B848-47B3-91A7-67177CCC9034}.Debug|Any CPU.Build.0 = Debug|Any CPU
		{2DBF0E70-B848-47B3-91A7-67177CCC9034}.Release|Any CPU.ActiveCfg = Release|Any CPU
		{2DBF0E70-B848-47B3-91A7-67177CCC9034}.Release|Any CPU.Build.0 = Release|Any CPU
		{6C13132E-BEA3-4C67-8098-EEE18A1924EA}.Debug|Any CPU.ActiveCfg = Debug|Any CPU
		{6C13132E-BEA3-4C67-8098-EEE18A1924EA}.Debug|Any CPU.Build.0 = Debug|Any CPU
		{6C13132E-BEA3-4C67-8098-EEE18A1924EA}.Release|Any CPU.ActiveCfg = Release|Any CPU
		{6C13132E-BEA3-4C67-8098-EEE18A1924EA}.Release|Any CPU.Build.0 = Release|Any CPU
		{720D7CD3-DF08-4AFD-8BB7-9E86E259AF77}.Debug|Any CPU.ActiveCfg = Debug|Any CPU
		{720D7CD3-DF08-4AFD-8BB7-9E86E259AF77}.Debug|Any CPU.Build.0 = Debug|Any CPU
		{720D7CD3-DF08-4AFD-8BB7-9E86E259AF77}.Release|Any CPU.ActiveCfg = Release|Any CPU
		{720D7CD3-DF08-4AFD-8BB7-9E86E259AF77}.Release|Any CPU.Build.0 = Release|Any CPU
		{E9C26765-C4D7-416E-B269-1C23089C3099}.Debug|Any CPU.ActiveCfg = Debug|Any CPU
		{E9C26765-C4D7-416E-B269-1C23089C3099}.Debug|Any CPU.Build.0 = Debug|Any CPU
		{E9C26765-C4D7-416E-B269-1C23089C3099}.Release|Any CPU.ActiveCfg = Release|Any CPU
		{E9C26765-C4D7-416E-B269-1C23089C3099}.Release|Any CPU.Build.0 = Release|Any CPU
	EndGlobalSection
	GlobalSection(SolutionProperties) = preSolution
		HideSolutionNode = FALSE
	EndGlobalSection
	GlobalSection(NestedProjects) = preSolution
		{3CB8DA74-429F-4896-958E-B45B3F7FDB37} = {4F3CEED3-E4AB-4A18-9AB6-D20DDD679CBC}
		{2DBF0E70-B848-47B3-91A7-67177CCC9034} = {4F3CEED3-E4AB-4A18-9AB6-D20DDD679CBC}
		{6C13132E-BEA3-4C67-8098-EEE18A1924EA} = {4F3CEED3-E4AB-4A18-9AB6-D20DDD679CBC}
		{720D7CD3-DF08-4AFD-8BB7-9E86E259AF77} = {4F3CEED3-E4AB-4A18-9AB6-D20DDD679CBC}
		{E9C26765-C4D7-416E-B269-1C23089C3099} = {4F3CEED3-E4AB-4A18-9AB6-D20DDD679CBC}
	EndGlobalSection
	GlobalSection(ExtensibilityGlobals) = postSolution
		SolutionGuid = {DE8356B9-449C-421F-8C67-CAE7445379AC}
	EndGlobalSection
EndGlobal
